hash: 7c5c623cc422226a3d531d50f2bacf0c151473abeb9d31a91db6f9f131532f3d
updated: 2017-12-26T23:13:39.706166+08:00
imports:
- name: github.com/gorilla/websocket
  version: ea4d1f681babbce9545c9c5f3d5194a789c89f5b
- name: github.com/lucasb-eyer/go-colorful
  version: 231272389856c976b7500c4fffcc52ddf06ff4eb
- name: github.com/satori/go.uuid
  version: 879c5887cd475cd7864858769793b2ceb0d44feb
- name: github.com/tidwall/gjson
  version: e62d62a3e1e9f324346170bbc04333341f803dfb
- name: github.com/tidwall/match
  version: 1731857f09b1f38450e2c12409748407822dc6be
testImports: []
